
Microsoft Visual Studio Solution File, Format Version 12.00
# Visual Studio Version 16
VisualStudioVersion = 16.0.29102.190
MinimumVisualStudioVersion = 10.0.40219.1
Project("{FAE04EC0-301F-11D3-BF4B-00C04F79EFBC}") = "ProyectoDesarrollo2", "ProyectoMVC\ProyectoDesarrollo2.csproj", "{491FCCD0-DC80-4D71-A2B2-468DE512BB10}"
EndProject
Global
	GlobalSection(SolutionConfigurationPlatforms) = preSolution
		Debug|Any CPU = Debug|Any CPU
		Release|Any CPU = Release|Any CPU
	EndGlobalSection
	GlobalSection(ProjectConfigurationPlatforms) = postSolution
		{491FCCD0-DC80-4D71-A2B2-468DE512BB10}.Debug|Any CPU.ActiveCfg = Debug|Any CPU
		{491FCCD0-DC80-4D71-A2B2-468DE512BB10}.Debug|Any CPU.Build.0 = Debug|Any CPU
		{491FCCD0-DC80-4D71-A2B2-468DE512BB10}.Release|Any CPU.ActiveCfg = Release|Any CPU
		{491FCCD0-DC80-4D71-A2B2-468DE512BB10}.Release|Any CPU.Build.0 = Release|Any CPU
	EndGlobalSection
	GlobalSection(SolutionProperties) = preSolution
		HideSolutionNode = FALSE
	EndGlobalSection
	GlobalSection(ExtensibilityGlobals) = postSolution
		SolutionGuid = {4E649CFC-4148-4C6E-AC14-2A01F5103A6D}
	EndGlobalSection
EndGlobal
